// !$*UTF8*$!
{
	archiveVersion = 1;
	classes = {
	};
	objectVersion = 56;
	objects = {

/* Begin PBXBuildFile section */
		69F379E82AB1EF660081727D /* OnApperTestApp.swift in Sources */ = {isa = PBXBuildFile; fileRef = 69F379E72AB1EF660081727D /* OnApperTestApp.swift */; };
		69F379EA2AB1EF660081727D /* ContentView.swift in Sources */ = {isa = PBXBuildFile; fileRef = 69F379E92AB1EF660081727D /* ContentView.swift */; };
		69F379EC2AB1EF670081727D /* Assets.xcassets in Resources */ = {isa = PBXBuildFile; fileRef = 69F379EB2AB1EF670081727D /* Assets.xcassets */; };
		69F379EF2AB1EF670081727D /* Preview Assets.xcassets in Resources */ = {isa = PBXBuildFile; fileRef = 69F379EE2AB1EF670081727D /* Preview Assets.xcassets */; };
		69F379F92AB1EF670081727D /* OnApperTestTests.swift in Sources */ = {isa = PBXBuildFile; fileRef = 69F379F82AB1EF670081727D /* OnApperTestTests.swift */; };
		69F37A032AB1EF670081727D /* OnApperTestUITests.swift in Sources */ = {isa = PBXBuildFile; fileRef = 69F37A022AB1EF670081727D /* OnApperTestUITests.swift */; };
		69F37A052AB1EF670081727D /* OnApperTestUITestsLaunchTests.swift in Sources */ = {isa = PBXBuildFile; fileRef = 69F37A042AB1EF670081727D /* OnApperTestUITestsLaunchTests.swift */; };
/* End PBXBuildFile section */

/* Begin PBXContainerItemProxy section */
		69F379F52AB1EF670081727D /* PBXContainerItemProxy */ = {
			isa = PBXContainerItemProxy;
			containerPortal = 69F379DC2AB1EF660081727D /* Project object */;
			proxyType = 1;
			remoteGlobalIDString = 69F379E32AB1EF660081727D;
			remoteInfo = OnApperTest;
		};
		69F379FF2AB1EF670081727D /* PBXContainerItemProxy */ = {
			isa = PBXContainerItemProxy;
			containerPortal = 69F379DC2AB1EF660081727D /* Project object */;
			proxyType = 1;
			remoteGlobalIDString = 69F379E32AB1EF660081727D;
			remoteInfo = OnApperTest;
		};
/* End PBXContainerItemProxy section */

/* Begin PBXFileReference section */
		69F379E42AB1EF660081727D /* OnApperTest.app */ = {isa = PBXFileReference; explicitFileType = wrapper.application; includeInIndex = 0; path = OnApperTest.app; sourceTree = BUILT_PRODUCTS_DIR; };
		69F379E72AB1EF660081727D /* OnApperTestApp.swift */ = {isa = PBXFileReference; lastKnownFileType = sourcecode.swift; path = OnApperTestApp.swift; sourceTree = "<group>"; };
		69F379E92AB1EF660081727D /* ContentView.swift */ = {isa = PBXFileReference; lastKnownFileType = sourcecode.swift; path = ContentView.swift; sourceTree = "<group>"; };
		69F379EB2AB1EF670081727D /* Assets.xcassets */ = {isa = PBXFileReference; lastKnownFileType = folder.assetcatalog; path = Assets.xcassets; sourceTree = "<group>"; };
		69F379EE2AB1EF670081727D /* Preview Assets.xcassets */ = {isa = PBXFileReference; lastKnownFileType = folder.assetcatalog; path = "Preview Assets.xcassets"; sourceTree = "<group>"; };
		69F379F42AB1EF670081727D /* OnApperTestTests.xctest */ = {isa = PBXFileReference; explicitFileType = wrapper.cfbundle; includeInIndex = 0; path = OnApperTestTests.xctest; sourceTree = BUILT_PRODUCTS_DIR; };
		69F379F82AB1EF670081727D /* OnApperTestTests.swift */ = {isa = PBXFileReference; lastKnownFileType = sourcecode.swift; path = OnApperTestTests.swift; sourceTree = "<group>"; };
		69F379FE2AB1EF670081727D /* OnApperTestUITests.xctest */ = {isa = PBXFileReference; explicitFileType = wrapper.cfbundle; includeInIndex = 0; path = OnApperTestUITests.xctest; sourceTree = BUILT_PRODUCTS_DIR; };
		69F37A022AB1EF670081727D /* OnApperTestUITests.swift */ = {isa = PBXFileReference; lastKnownFileType = sourcecode.swift; path = OnApperTestUITests.swift; sourceTree = "<group>"; };
		69F37A042AB1EF670081727D /* OnApperTestUITestsLaunchTests.swift */ = {isa = PBXFileReference; lastKnownFileType = sourcecode.swift; path = OnApperTestUITestsLaunchTests.swift; sourceTree = "<group>"; };
/* End PBXFileReference section */

/* Begin PBXFrameworksBuildPhase section */
		69F379E12AB1EF660081727D /* Frameworks */ = {
			isa = PBXFrameworksBuildPhase;
			buildActionMask = 2147483647;
			files = (
			);
			runOnlyForDeploymentPostprocessing = 0;
		};
		69F379F12AB1EF670081727D /* Frameworks */ = {
			isa = PBXFrameworksBuildPhase;
			buildActionMask = 2147483647;
			files = (
			);
			runOnlyForDeploymentPostprocessing = 0;
		};
		69F379FB2AB1EF670081727D /* Frameworks */ = {
			isa = PBXFrameworksBuildPhase;
			buildActionMask = 2147483647;
			files = (
			);
			runOnlyForDeploymentPostprocessing = 0;
		};
/* End PBXFrameworksBuildPhase section */

/* Begin PBXGroup section */
		69F379DB2AB1EF660081727D = {
			isa = PBXGroup;
			children = (
				69F379E62AB1EF660081727D /* OnApperTest */,
				69F379F72AB1EF670081727D /* OnApperTestTests */,
				69F37A012AB1EF670081727D /* OnApperTestUITests */,
				69F379E52AB1EF660081727D /* Products */,
			);
			sourceTree = "<group>";
		};
		69F379E52AB1EF660081727D /* Products */ = {
			isa = PBXGroup;
			children = (
				69F379E42AB1EF660081727D /* OnApperTest.app */,
				69F379F42AB1EF670081727D /* OnApperTestTests.xctest */,
				69F379FE2AB1EF670081727D /* OnApperTestUITests.xctest */,
			);
			name = Products;
			sourceTree = "<group>";
		};
		69F379E62AB1EF660081727D /* OnApperTest */ = {
			isa = PBXGroup;
			children = (
				69F379E72AB1EF660081727D /* OnApperTestApp.swift */,
				69F379E92AB1EF660081727D /* ContentView.swift */,
				69F379EB2AB1EF670081727D /* Assets.xcassets */,
				69F379ED2AB1EF670081727D /* Preview Content */,
			);
			path = OnApperTest;
			sourceTree = "<group>";
		};
		69F379ED2AB1EF670081727D /* Preview Content */ = {
			isa = PBXGroup;
			children = (
				69F379EE2AB1EF670081727D /* Preview Assets.xcassets */,
			);
			path = "Preview Content";
			sourceTree = "<group>";
		};
		69F379F72AB1EF670081727D /* OnApperTestTests */ = {
			isa = PBXGroup;
			children = (
				69F379F82AB1EF670081727D /* OnApperTestTests.swift */,
			);
			path = OnApperTestTests;
			sourceTree = "<group>";
		};
		69F37A012AB1EF670081727D /* OnApperTestUITests */ = {
			isa = PBXGroup;
			children = (
				69F37A022AB1EF670081727D /* OnApperTestUITests.swift */,
				69F37A042AB1EF670081727D /* OnApperTestUITestsLaunchTests.swift */,
			);
			path = OnApperTestUITests;
			sourceTree = "<group>";
		};
/* End PBXGroup section */

/* Begin PBXNativeTarget section */
		69F379E32AB1EF660081727D /* OnApperTest */ = {
			isa = PBXNativeTarget;
			buildConfigurationList = 69F37A082AB1EF670081727D /* Build configuration list for PBXNativeTarget "OnApperTest" */;
			buildPhases = (
				69F379E02AB1EF660081727D /* Sources */,
				69F379E12AB1EF660081727D /* Frameworks */,
				69F379E22AB1EF660081727D /* Resources */,
			);
			buildRules = (
			);
			dependencies = (
			);
			name = OnApperTest;
			productName = OnApperTest;
			productReference = 69F379E42AB1EF660081727D /* OnApperTest.app */;
			productType = "com.apple.product-type.application";
		};
		69F379F32AB1EF670081727D /* OnApperTestTests */ = {
			isa = PBXNativeTarget;
			buildConfigurationList = 69F37A0B2AB1EF670081727D /* Build configuration list for PBXNativeTarget "OnApperTestTests" */;
			buildPhases = (
				69F379F02AB1EF670081727D /* Sources */,
				69F379F12AB1EF670081727D /* Frameworks */,
				69F379F22AB1EF670081727D /* Resources */,
			);
			buildRules = (
			);
			dependencies = (
				69F379F62AB1EF670081727D /* PBXTargetDependency */,
			);
			name = OnApperTestTests;
			productName = OnApperTestTests;
			productReference = 69F379F42AB1EF670081727D /* OnApperTestTests.xctest */;
			productType = "com.apple.product-type.bundle.unit-test";
		};
		69F379FD2AB1EF670081727D /* OnApperTestUITests */ = {
			isa = PBXNativeTarget;
			buildConfigurationList = 69F37A0E2AB1EF670081727D /* Build configuration list for PBXNativeTarget "OnApperTestUITests" */;
			buildPhases = (
				69F379FA2AB1EF670081727D /* Sources */,
				69F379FB2AB1EF670081727D /* Frameworks */,
				69F379FC2AB1EF670081727D /* Resources */,
			);
			buildRules = (
			);
			dependencies = (
				69F37A002AB1EF670081727D /* PBXTargetDependency */,
			);
			name = OnApperTestUITests;
			productName = OnApperTestUITests;
			productReference = 69F379FE2AB1EF670081727D /* OnApperTestUITests.xctest */;
			productType = "com.apple.product-type.bundle.ui-testing";
		};
/* End PBXNativeTarget section */

/* Begin PBXProject section */
		69F379DC2AB1EF660081727D /* Project object */ = {
			isa = PBXProject;
			attributes = {
				BuildIndependentTargetsInParallel = 1;
				LastSwiftUpdateCheck = 1430;
				LastUpgradeCheck = 1430;
				TargetAttributes = {
					69F379E32AB1EF660081727D = {
						CreatedOnToolsVersion = 14.3.1;
					};
					69F379F32AB1EF670081727D = {
						CreatedOnToolsVersion = 14.3.1;
						TestTargetID = 69F379E32AB1EF660081727D;
					};
					69F379FD2AB1EF670081727D = {
						CreatedOnToolsVersion = 14.3.1;
						TestTargetID = 69F379E32AB1EF660081727D;
					};
				};
			};
			buildConfigurationList = 69F379DF2AB1EF660081727D /* Build configuration list for PBXProject "OnApperTest" */;
			compatibilityVersion = "Xcode 14.0";
			developmentRegion = en;
			hasScannedForEncodings = 0;
			knownRegions = (
				en,
				Base,
			);
			mainGroup = 69F379DB2AB1EF660081727D;
			productRefGroup = 69F379E52AB1EF660081727D /* Products */;
			projectDirPath = "";
			projectRoot = "";
			targets = (
				69F379E32AB1EF660081727D /* OnApperTest */,
				69F379F32AB1EF670081727D /* OnApperTestTests */,
				69F379FD2AB1EF670081727D /* OnApperTestUITests */,
			);
		};
/* End PBXProject section */

/* Begin PBXResourcesBuildPhase section */
		69F379E22AB1EF660081727D /* Resources */ = {
			isa = PBXResourcesBuildPhase;
			buildActionMask = 2147483647;
			files = (
				69F379EF2AB1EF670081727D /* Preview Assets.xcassets in Resources */,
				69F379EC2AB1EF670081727D /* Assets.xcassets in Resources */,
			);
			runOnlyForDeploymentPostprocessing = 0;
		};
		69F379F22AB1EF670081727D /* Resources */ = {
			isa = PBXResourcesBuildPhase;
			buildActionMask = 2147483647;
			files = (
			);
			runOnlyForDeploymentPostprocessing = 0;
		};
		69F379FC2AB1EF670081727D /* Resources */ = {
			isa = PBXResourcesBuildPhase;
			buildActionMask = 2147483647;
			files = (
			);
			runOnlyForDeploymentPostprocessing = 0;
		};
/* End PBXResourcesBuildPhase section */

/* Begin PBXSourcesBuildPhase section */
		69F379E02AB1EF660081727D /* Sources */ = {
			isa = PBXSourcesBuildPhase;
			buildActionMask = 2147483647;
			files = (
				69F379EA2AB1EF660081727D /* ContentView.swift in Sources */,
				69F379E82AB1EF660081727D /* OnApperTestApp.swift in Sources */,
			);
			runOnlyForDeploymentPostprocessing = 0;
		};
		69F379F02AB1EF670081727D /* Sources */ = {
			isa = PBXSourcesBuildPhase;
			buildActionMask = 2147483647;
			files = (
				69F379F92AB1EF670081727D /* OnApperTestTests.swift in Sources */,
			);
			runOnlyForDeploymentPostprocessing = 0;
		};
		69F379FA2AB1EF670081727D /* Sources */ = {
			isa = PBXSourcesBuildPhase;
			buildActionMask = 2147483647;
			files = (
				69F37A052AB1EF670081727D /* OnApperTestUITestsLaunchTests.swift in Sources */,
				69F37A032AB1EF670081727D /* OnApperTestUITests.swift in Sources */,
			);
			runOnlyForDeploymentPostprocessing = 0;
		};
/* End PBXSourcesBuildPhase section */

/* Begin PBXTargetDependency section */
		69F379F62AB1EF670081727D /* PBXTargetDependency */ = {
			isa = PBXTargetDependency;
			target = 69F379E32AB1EF660081727D /* OnApperTest */;
			targetProxy = 69F379F52AB1EF670081727D /* PBXContainerItemProxy */;
		};
		69F37A002AB1EF670081727D /* PBXTargetDependency */ = {
			isa = PBXTargetDependency;
			target = 69F379E32AB1EF660081727D /* OnApperTest */;
			targetProxy = 69F379FF2AB1EF670081727D /* PBXContainerItemProxy */;
		};
/* End PBXTargetDependency section */

/* Begin XCBuildConfiguration section */
		69F37A062AB1EF670081727D /* Debug */ = {
			isa = XCBuildConfiguration;
			buildSettings = {
				ALWAYS_SEARCH_USER_PATHS = NO;
				CLANG_ANALYZER_NONNULL = YES;
				CLANG_ANALYZER_NUMBER_OBJECT_CONVERSION = YES_AGGRESSIVE;
				CLANG_CXX_LANGUAGE_STANDARD = "gnu++20";
				CLANG_ENABLE_MODULES = YES;
				CLANG_ENABLE_OBJC_ARC = YES;
				CLANG_ENABLE_OBJC_WEAK = YES;
				CLANG_WARN_BLOCK_CAPTURE_AUTORELEASING = YES;
				CLANG_WARN_BOOL_CONVERSION = YES;
				CLANG_WARN_COMMA = YES;
				CLANG_WARN_CONSTANT_CONVERSION = YES;
				CLANG_WARN_DEPRECATED_OBJC_IMPLEMENTATIONS = YES;
				CLANG_WARN_DIRECT_OBJC_ISA_USAGE = YES_ERROR;
				CLANG_WARN_DOCUMENTATION_COMMENTS = YES;
				CLANG_WARN_EMPTY_BODY = YES;
				CLANG_WARN_ENUM_CONVERSION = YES;
				CLANG_WARN_INFINITE_RECURSION = YES;
				CLANG_WARN_INT_CONVERSION = YES;
				CLANG_WARN_NON_LITERAL_NULL_CONVERSION = YES;
				CLANG_WARN_OBJC_IMPLICIT_RETAIN_SELF = YES;
				CLANG_WARN_OBJC_LITERAL_CONVERSION = YES;
				CLANG_WARN_OBJC_ROOT_CLASS = YES_ERROR;
				CLANG_WARN_QUOTED_INCLUDE_IN_FRAMEWORK_HEADER = YES;
				CLANG_WARN_RANGE_LOOP_ANALYSIS = YES;
				CLANG_WARN_STRICT_PROTOTYPES = YES;
				CLANG_WARN_SUSPICIOUS_MOVE = YES;
				CLANG_WARN_UNGUARDED_AVAILABILITY = YES_AGGRESSIVE;
				CLANG_WARN_UNREACHABLE_CODE = YES;
				CLANG_WARN__DUPLICATE_METHOD_MATCH = YES;
				COPY_PHASE_STRIP = NO;
				DEBUG_INFORMATION_FORMAT = dwarf;
				ENABLE_STRICT_OBJC_MSGSEND = YES;
				ENABLE_TESTABILITY = YES;
				GCC_C_LANGUAGE_STANDARD = gnu11;
				GCC_DYNAMIC_NO_PIC = NO;
				GCC_NO_COMMON_BLOCKS = YES;
				GCC_OPTIMIZATION_LEVEL = 0;
				GCC_PREPROCESSOR_DEFINITIONS = (
					"DEBUG=1",
					"$(inherited)",
				);
				GCC_WARN_64_TO_32_BIT_CONVERSION = YES;
				GCC_WARN_ABOUT_RETURN_TYPE = YES_ERROR;
				GCC_WARN_UNDECLARED_SELECTOR = YES;
				GCC_WARN_UNINITIALIZED_AUTOS = YES_AGGRESSIVE;
				GCC_WARN_UNUSED_FUNCTION = YES;
				GCC_WARN_UNUSED_VARIABLE = YES;
				IPHONEOS_DEPLOYMENT_TARGET = 16.4;
				MTL_ENABLE_DEBUG_INFO = INCLUDE_SOURCE;
				MTL_FAST_MATH = YES;
				ONLY_ACTIVE_ARCH = YES;
				SDKROOT = iphoneos;
				SWIFT_ACTIVE_COMPILATION_CONDITIONS = DEBUG;
				SWIFT_OPTIMIZATION_LEVEL = "-Onone";
			};
			name = Debug;
		};
		69F37A072AB1EF670081727D /* Release */ = {
			isa = XCBuildConfiguration;
			buildSettings = {
				ALWAYS_SEARCH_USER_PATHS = NO;
				CLANG_ANALYZER_NONNULL = YES;
				CLANG_ANALYZER_NUMBER_OBJECT_CONVERSION = YES_AGGRESSIVE;
				CLANG_CXX_LANGUAGE_STANDARD = "gnu++20";
				CLANG_ENABLE_MODULES = YES;
				CLANG_ENABLE_OBJC_ARC = YES;
				CLANG_ENABLE_OBJC_WEAK = YES;
				CLANG_WARN_BLOCK_CAPTURE_AUTORELEASING = YES;
				CLANG_WARN_BOOL_CONVERSION = YES;
				CLANG_WARN_COMMA = YES;
				CLANG_WARN_CONSTANT_CONVERSION = YES;
				CLANG_WARN_DEPRECATED_OBJC_IMPLEMENTATIONS = YES;
				CLANG_WARN_DIRECT_OBJC_ISA_USAGE = YES_ERROR;
				CLANG_WARN_DOCUMENTATION_COMMENTS = YES;
				CLANG_WARN_EMPTY_BODY = YES;
				CLANG_WARN_ENUM_CONVERSION = YES;
				CLANG_WARN_INFINITE_RECURSION = YES;
				CLANG_WARN_INT_CONVERSION = YES;
				CLANG_WARN_NON_LITERAL_NULL_CONVERSION = YES;
				CLANG_WARN_OBJC_IMPLICIT_RETAIN_SELF = YES;
				CLANG_WARN_OBJC_LITERAL_CONVERSION = YES;
				CLANG_WARN_OBJC_ROOT_CLASS = YES_ERROR;
				CLANG_WARN_QUOTED_INCLUDE_IN_FRAMEWORK_HEADER = YES;
				CLANG_WARN_RANGE_LOOP_ANALYSIS = YES;
				CLANG_WARN_STRICT_PROTOTYPES = YES;
				CLANG_WARN_SUSPICIOUS_MOVE = YES;
				CLANG_WARN_UNGUARDED_AVAILABILITY = YES_AGGRESSIVE;
				CLANG_WARN_UNREACHABLE_CODE = YES;
				CLANG_WARN__DUPLICATE_METHOD_MATCH = YES;
				COPY_PHASE_STRIP = NO;
				DEBUG_INFORMATION_FORMAT = "dwarf-with-dsym";
				ENABLE_NS_ASSERTIONS = NO;
				ENABLE_STRICT_OBJC_MSGSEND = YES;
				GCC_C_LANGUAGE_STANDARD = gnu11;
				GCC_NO_COMMON_BLOCKS = YES;
				GCC_WARN_64_TO_32_BIT_CONVERSION = YES;
				GCC_WARN_ABOUT_RETURN_TYPE = YES_ERROR;
				GCC_WARN_UNDECLARED_SELECTOR = YES;
				GCC_WARN_UNINITIALIZED_AUTOS = YES_AGGRESSIVE;
				GCC_WARN_UNUSED_FUNCTION = YES;
				GCC_WARN_UNUSED_VARIABLE = YES;
				IPHONEOS_DEPLOYMENT_TARGET = 16.4;
				MTL_ENABLE_DEBUG_INFO = NO;
				MTL_FAST_MATH = YES;
				SDKROOT = iphoneos;
				SWIFT_COMPILATION_MODE = wholemodule;
				SWIFT_OPTIMIZATION_LEVEL = "-O";
				VALIDATE_PRODUCT = YES;
			};
			name = Release;
		};
		69F37A092AB1EF670081727D /* Debug */ = {
			isa = XCBuildConfiguration;
			buildSettings = {
				ASSETCATALOG_COMPILER_APPICON_NAME = AppIcon;
				ASSETCATALOG_COMPILER_GLOBAL_ACCENT_COLOR_NAME = AccentColor;
				CODE_SIGN_STYLE = Automatic;
				CURRENT_PROJECT_VERSION = 1;
				DEVELOPMENT_ASSET_PATHS = "\"OnApperTest/Preview Content\"";
				DEVELOPMENT_TEAM = 6NMWZ48XL4;
				ENABLE_PREVIEWS = YES;
				GENERATE_INFOPLIST_FILE = YES;
				INFOPLIST_KEY_UIApplicationSceneManifest_Generation = YES;
				INFOPLIST_KEY_UIApplicationSupportsIndirectInputEvents = YES;
				INFOPLIST_KEY_UILaunchScreen_Generation = YES;
				INFOPLIST_KEY_UISupportedInterfaceOrientations_iPad = "UIInterfaceOrientationPortrait UIInterfaceOrientationPortraitUpsideDown UIInterfaceOrientationLandscapeLeft UIInterfaceOrientationLandscapeRight";
				INFOPLIST_KEY_UISupportedInterfaceOrientations_iPhone = "UIInterfaceOrientationPortrait UIInterfaceOrientationLandscapeLeft UIInterfaceOrientationLandscapeRight";
				LD_RUNPATH_SEARCH_PATHS = (
					"$(inherited)",
					"@executable_path/Frameworks",
				);
				MARKETING_VERSION = 1.0;
				PRODUCT_BUNDLE_IDENTIFIER = com.sako.OnApperTest;
				PRODUCT_NAME = "$(TARGET_NAME)";
				SWIFT_EMIT_LOC_STRINGS = YES;
				SWIFT_VERSION = 5.0;
				TARGETED_DEVICE_FAMILY = "1,2";
			};
			name = Debug;
		};
		69F37A0A2AB1EF670081727D /* Release */ = {
			isa = XCBuildConfiguration;
			buildSettings = {
				ASSETCATALOG_COMPILER_APPICON_NAME = AppIcon;
				ASSETCATALOG_COMPILER_GLOBAL_ACCENT_COLOR_NAME = AccentColor;
				CODE_SIGN_STYLE = Automatic;
				CURRENT_PROJECT_VERSION = 1;
				DEVELOPMENT_ASSET_PATHS = "\"OnApperTest/Preview Content\"";
				DEVELOPMENT_TEAM = 6NMWZ48XL4;
				ENABLE_PREVIEWS = YES;
				GENERATE_INFOPLIST_FILE = YES;
				INFOPLIST_KEY_UIApplicationSceneManifest_Generation = YES;
				INFOPLIST_KEY_UIApplicationSupportsIndirectInputEvents = YES;
				INFOPLIST_KEY_UILaunchScreen_Generation = YES;
				INFOPLIST_KEY_UISupportedInterfaceOrientations_iPad = "UIInterfaceOrientationPortrait UIInterfaceOrientationPortraitUpsideDown UIInterfaceOrientationLandscapeLeft UIInterfaceOrientationLandscapeRight";
				INFOPLIST_KEY_UISupportedInterfaceOrientations_iPhone = "UIInterfaceOrientationPortrait UIInterfaceOrientationLandscapeLeft UIInterfaceOrientationLandscapeRight";
				LD_RUNPATH_SEARCH_PATHS = (
					"$(inherited)",
					"@executable_path/Frameworks",
				);
				MARKETING_VERSION = 1.0;
				PRODUCT_BUNDLE_IDENTIFIER = com.sako.OnApperTest;
				PRODUCT_NAME = "$(TARGET_NAME)";
				SWIFT_EMIT_LOC_STRINGS = YES;
				SWIFT_VERSION = 5.0;
				TARGETED_DEVICE_FAMILY = "1,2";
			};
			name = Release;
		};
		69F37A0C2AB1EF670081727D /* Debug */ = {
			isa = XCBuildConfiguration;
			buildSettings = {
				ALWAYS_EMBED_SWIFT_STANDARD_LIBRARIES = YES;
				BUNDLE_LOADER = "$(TEST_HOST)";
				CODE_SIGN_STYLE = Automatic;
				CURRENT_PROJECT_VERSION = 1;
				DEVELOPMENT_TEAM = 6NMWZ48XL4;
				GENERATE_INFOPLIST_FILE = YES;
				IPHONEOS_DEPLOYMENT_TARGET = 16.4;
				MARKETING_VERSION = 1.0;
				PRODUCT_BUNDLE_IDENTIFIER = com.sako.OnApperTestTests;
				PRODUCT_NAME = "$(TARGET_NAME)";
				SWIFT_EMIT_LOC_STRINGS = NO;
				SWIFT_VERSION = 5.0;
				TARGETED_DEVICE_FAMILY = "1,2";
				TEST_HOST = "$(BUILT_PRODUCTS_DIR)/OnApperTest.app/$(BUNDLE_EXECUTABLE_FOLDER_PATH)/OnApperTest";
			};
			name = Debug;
		};
		69F37A0D2AB1EF670081727D /* Release */ = {
			isa = XCBuildConfiguration;
			buildSettings = {
				ALWAYS_EMBED_SWIFT_STANDARD_LIBRARIES = YES;
				BUNDLE_LOADER = "$(TEST_HOST)";
				CODE_SIGN_STYLE = Automatic;
				CURRENT_PROJECT_VERSION = 1;
				DEVELOPMENT_TEAM = 6NMWZ48XL4;
				GENERATE_INFOPLIST_FILE = YES;
				IPHONEOS_DEPLOYMENT_TARGET = 16.4;
				MARKETING_VERSION = 1.0;
				PRODUCT_BUNDLE_IDENTIFIER = com.sako.OnApperTestTests;
				PRODUCT_NAME = "$(TARGET_NAME)";
				SWIFT_EMIT_LOC_STRINGS = NO;
				SWIFT_VERSION = 5.0;
				TARGETED_DEVICE_FAMILY = "1,2";
				TEST_HOST = "$(BUILT_PRODUCTS_DIR)/OnApperTest.app/$(BUNDLE_EXECUTABLE_FOLDER_PATH)/OnApperTest";
			};
			name = Release;
		};
		69F37A0F2AB1EF670081727D /* Debug */ = {
			isa = XCBuildConfiguration;
			buildSettings = {
				ALWAYS_EMBED_SWIFT_STANDARD_LIBRARIES = YES;
				CODE_SIGN_STYLE = Automatic;
				CURRENT_PROJECT_VERSION = 1;
				DEVELOPMENT_TEAM = 6NMWZ48XL4;
				GENERATE_INFOPLIST_FILE = YES;
				MARKETING_VERSION = 1.0;
				PRODUCT_BUNDLE_IDENTIFIER = com.sako.OnApperTestUITests;
				PRODUCT_NAME = "$(TARGET_NAME)";
				SWIFT_EMIT_LOC_STRINGS = NO;
				SWIFT_VERSION = 5.0;
				TARGETED_DEVICE_FAMILY = "1,2";
				TEST_TARGET_NAME = OnApperTest;
			};
			name = Debug;
		};
		69F37A102AB1EF670081727D /* Release */ = {
			isa = XCBuildConfiguration;
			buildSettings = {
				ALWAYS_EMBED_SWIFT_STANDARD_LIBRARIES = YES;
				CODE_SIGN_STYLE = Automatic;
				CURRENT_PROJECT_VERSION = 1;
				DEVELOPMENT_TEAM = 6NMWZ48XL4;
				GENERATE_INFOPLIST_FILE = YES;
				MARKETING_VERSION = 1.0;
				PRODUCT_BUNDLE_IDENTIFIER = com.sako.OnApperTestUITests;
				PRODUCT_NAME = "$(TARGET_NAME)";
				SWIFT_EMIT_LOC_STRINGS = NO;
				SWIFT_VERSION = 5.0;
				TARGETED_DEVICE_FAMILY = "1,2";
				TEST_TARGET_NAME = OnApperTest;
			};
			name = Release;
		};
/* End XCBuildConfiguration section */

/* Begin XCConfigurationList section */
		69F379DF2AB1EF660081727D /* Build configuration list for PBXProject "OnApperTest" */ = {
			isa = XCConfigurationList;
			buildConfigurations = (
				69F37A062AB1EF670081727D /* Debug */,
				69F37A072AB1EF670081727D /* Release */,
			);
			defaultConfigurationIsVisible = 0;
			defaultConfigurationName = Release;
		};
		69F37A082AB1EF670081727D /* Build configuration list for PBXNativeTarget "OnApperTest" */ = {
			isa = XCConfigurationList;
			buildConfigurations = (
				69F37A092AB1EF670081727D /* Debug */,
				69F37A0A2AB1EF670081727D /* Release */,
			);
			defaultConfigurationIsVisible = 0;
			defaultConfigurationName = Release;
		};
		69F37A0B2AB1EF670081727D /* Build configuration list for PBXNativeTarget "OnApperTestTests" */ = {
			isa = XCConfigurationList;
			buildConfigurations = (
				69F37A0C2AB1EF670081727D /* Debug */,
				69F37A0D2AB1EF670081727D /* Release */,
			);
			defaultConfigurationIsVisible = 0;
			defaultConfigurationName = Release;
		};
		69F37A0E2AB1EF670081727D /* Build configuration list for PBXNativeTarget "OnApperTestUITests" */ = {
			isa = XCConfigurationList;
			buildConfigurations = (
				69F37A0F2AB1EF670081727D /* Debug */,
				69F37A102AB1EF670081727D /* Release */,
			);
			defaultConfigurationIsVisible = 0;
			defaultConfigurationName = Release;
		};
/* End XCConfigurationList section */
	};
	rootObject = 69F379DC2AB1EF660081727D /* Project object */;
}
